// !$*UTF8*$!
{
	archiveVersion = 1;
	classes = {
	};
	objectVersion = 46;
	objects = {

/* Begin PBXBuildFile section */
		3CB4AFD91D09001900E80932 /* AppDelegate.swift in Sources */ = {isa = PBXBuildFile; fileRef = 3CB4AFD81D09001900E80932 /* AppDelegate.swift */; };
		3CB4AFDB1D09001900E80932 /* ViewController.swift in Sources */ = {isa = PBXBuildFile; fileRef = 3CB4AFDA1D09001900E80932 /* ViewController.swift */; };
		3CB4AFDE1D09001900E80932 /* Main.storyboard in Resources */ = {isa = PBXBuildFile; fileRef = 3CB4AFDC1D09001900E80932 /* Main.storyboard */; };
		3CB4AFE01D09001900E80932 /* Assets.xcassets in Resources */ = {isa = PBXBuildFile; fileRef = 3CB4AFDF1D09001900E80932 /* Assets.xcassets */; };
		3CB4AFE31D09001900E80932 /* LaunchScreen.storyboard in Resources */ = {isa = PBXBuildFile; fileRef = 3CB4AFE11D09001900E80932 /* LaunchScreen.storyboard */; };
/* End PBXBuildFile section */

/* Begin PBXFileReference section */
		3CB4AFD51D09001900E80932 /* Blue Red.app */ = {isa = PBXFileReference; explicitFileType = wrapper.application; includeInIndex = 0; path = "Blue Red.app"; sourceTree = BUILT_PRODUCTS_DIR; };
		3CB4AFD81D09001900E80932 /* AppDelegate.swift */ = {isa = PBXFileReference; lastKnownFileType = sourcecode.swift; path = AppDelegate.swift; sourceTree = "<group>"; };
		3CB4AFDA1D09001900E80932 /* ViewController.swift */ = {isa = PBXFileReference; lastKnownFileType = sourcecode.swift; path = ViewController.swift; sourceTree = "<group>"; };
		3CB4AFDD1D09001900E80932 /* Base */ = {isa = PBXFileReference; lastKnownFileType = file.storyboard; name = Base; path = Base.lproj/Main.storyboard; sourceTree = "<group>"; };
		3CB4AFDF1D09001900E80932 /* Assets.xcassets */ = {isa = PBXFileReference; lastKnownFileType = folder.assetcatalog; path = Assets.xcassets; sourceTree = "<group>"; };
		3CB4AFE21D09001900E80932 /* Base */ = {isa = PBXFileReference; lastKnownFileType = file.storyboard; name = Base; path = Base.lproj/LaunchScreen.storyboard; sourceTree = "<group>"; };
		3CB4AFE41D09001900E80932 /* Info.plist */ = {isa = PBXFileReference; lastKnownFileType = text.plist.xml; path = Info.plist; sourceTree = "<group>"; };
		3CB4AFEA1D09AC5300E80932 /* Challenge.playground */ = {isa = PBXFileReference; lastKnownFileType = file.playground; path = Challenge.playground; sourceTree = SOURCE_ROOT; };
/* End PBXFileReference section */

/* Begin PBXFrameworksBuildPhase section */
		3CB4AFD21D09001900E80932 /* Frameworks */ = {
			isa = PBXFrameworksBuildPhase;
			buildActionMask = 2147483647;
			files = (
			);
			runOnlyForDeploymentPostprocessing = 0;
		};
/* End PBXFrameworksBuildPhase section */

/* Begin PBXGroup section */
		3CB4AFCC1D09001900E80932 = {
			isa = PBXGroup;
			children = (
				3CB4AFD71D09001900E80932 /* Blue Red */,
				3CB4AFD61D09001900E80932 /* Products */,
			);
			sourceTree = "<group>";
		};
		3CB4AFD61D09001900E80932 /* Products */ = {
			isa = PBXGroup;
			children = (
				3CB4AFD51D09001900E80932 /* Blue Red.app */,
			);
			name = Products;
			sourceTree = "<group>";
		};
		3CB4AFD71D09001900E80932 /* Blue Red */ = {
			isa = PBXGroup;
			children = (
				3CB4AFD81D09001900E80932 /* AppDelegate.swift */,
				3CB4AFDA1D09001900E80932 /* ViewController.swift */,
				3CB4AFDC1D09001900E80932 /* Main.storyboard */,
				3CB4AFEA1D09AC5300E80932 /* Challenge.playground */,
				3CB4AFDF1D09001900E80932 /* Assets.xcassets */,
				3CB4AFE11D09001900E80932 /* LaunchScreen.storyboard */,
				3CB4AFE41D09001900E80932 /* Info.plist */,
			);
			path = "Blue Red";
			sourceTree = "<group>";
		};
/* End PBXGroup section */

/* Begin PBXNativeTarget section */
		3CB4AFD41D09001900E80932 /* Blue Red */ = {
			isa = PBXNativeTarget;
			buildConfigurationList = 3CB4AFE71D09001900E80932 /* Build configuration list for PBXNativeTarget "Blue Red" */;
			buildPhases = (
				3CB4AFD11D09001900E80932 /* Sources */,
				3CB4AFD21D09001900E80932 /* Frameworks */,
				3CB4AFD31D09001900E80932 /* Resources */,
			);
			buildRules = (
			);
			dependencies = (
			);
			name = "Blue Red";
			productName = "Blue Red";
			productReference = 3CB4AFD51D09001900E80932 /* Blue Red.app */;
			productType = "com.apple.product-type.application";
		};
/* End PBXNativeTarget section */

/* Begin PBXProject section */
		3CB4AFCD1D09001900E80932 /* Project object */ = {
			isa = PBXProject;
			attributes = {
				LastSwiftUpdateCheck = 0730;
				LastUpgradeCheck = 0730;
				ORGANIZATIONNAME = Sherbaz;
				TargetAttributes = {
					3CB4AFD41D09001900E80932 = {
						CreatedOnToolsVersion = 7.3.1;
						DevelopmentTeam = ZZ26PVDCJ9;
					};
				};
			};
			buildConfigurationList = 3CB4AFD01D09001900E80932 /* Build configuration list for PBXProject "Blue Red" */;
			compatibilityVersion = "Xcode 3.2";
			developmentRegion = English;
			hasScannedForEncodings = 0;
			knownRegions = (
				en,
				Base,
			);
			mainGroup = 3CB4AFCC1D09001900E80932;
			productRefGroup = 3CB4AFD61D09001900E80932 /* Products */;
			projectDirPath = "";
			projectRoot = "";
			targets = (
				3CB4AFD41D09001900E80932 /* Blue Red */,
			);
		};
/* End PBXProject section */

/* Begin PBXResourcesBuildPhase section */
		3CB4AFD31D09001900E80932 /* Resources */ = {
			isa = PBXResourcesBuildPhase;
			buildActionMask = 2147483647;
			files = (
				3CB4AFE31D09001900E80932 /* LaunchScreen.storyboard in Resources */,
				3CB4AFE01D09001900E80932 /* Assets.xcassets in Resources */,
				3CB4AFDE1D09001900E80932 /* Main.storyboard in Resources */,
			);
			runOnlyForDeploymentPostprocessing = 0;
		};
/* End PBXResourcesBuildPhase section */

/* Begin PBXSourcesBuildPhase section */
		3CB4AFD11D09001900E80932 /* Sources */ = {
			isa = PBXSourcesBuildPhase;
			buildActionMask = 2147483647;
			files = (
				3CB4AFDB1D09001900E80932 /* ViewController.swift in Sources */,
				3CB4AFD91D09001900E80932 /* AppDelegate.swift in Sources */,
			);
			runOnlyForDeploymentPostprocessing = 0;
		};
/* End PBXSourcesBuildPhase section */

/* Begin PBXVariantGroup section */
		3CB4AFDC1D09001900E80932 /* Main.storyboard */ = {
			isa = PBXVariantGroup;
			children = (
				3CB4AFDD1D09001900E80932 /* Base */,
			);
			name = Main.storyboard;
			sourceTree = "<group>";
		};
		3CB4AFE11D09001900E80932 /* LaunchScreen.storyboard */ = {
			isa = PBXVariantGroup;
			children = (
				3CB4AFE21D09001900E80932 /* Base */,
			);
			name = LaunchScreen.storyboard;
			sourceTree = "<group>";
		};
/* End PBXVariantGroup section */

/* Begin XCBuildConfiguration section */
		3CB4AFE51D09001900E80932 /* Debug */ = {
			isa = XCBuildConfiguration;
			buildSettings = {
				ALWAYS_SEARCH_USER_PATHS = NO;
				CLANG_ANALYZER_NONNULL = YES;
				CLANG_CXX_LANGUAGE_STANDARD = "gnu++0x";
				CLANG_CXX_LIBRARY = "libc++";
				CLANG_ENABLE_MODULES = YES;
				CLANG_ENABLE_OBJC_ARC = YES;
				CLANG_WARN_BOOL_CONVERSION = YES;
				CLANG_WARN_CONSTANT_CONVERSION = YES;
				CLANG_WARN_DIRECT_OBJC_ISA_USAGE = YES_ERROR;
				CLANG_WARN_EMPTY_BODY = YES;
				CLANG_WARN_ENUM_CONVERSION = YES;
				CLANG_WARN_INT_CONVERSION = YES;
				CLANG_WARN_OBJC_ROOT_CLASS = YES_ERROR;
				CLANG_WARN_UNREACHABLE_CODE = YES;
				CLANG_WARN__DUPLICATE_METHOD_MATCH = YES;
				"CODE_SIGN_IDENTITY[sdk=iphoneos*]" = "iPhone Developer";
				COPY_PHASE_STRIP = NO;
				DEBUG_INFORMATION_FORMAT = dwarf;
				ENABLE_STRICT_OBJC_MSGSEND = YES;
				ENABLE_TESTABILITY = YES;
				GCC_C_LANGUAGE_STANDARD = gnu99;
				GCC_DYNAMIC_NO_PIC = NO;
				GCC_NO_COMMON_BLOCKS = YES;
				GCC_OPTIMIZATION_LEVEL = 0;
				GCC_PREPROCESSOR_DEFINITIONS = (
					"DEBUG=1",
					"$(inherited)",
				);
				GCC_WARN_64_TO_32_BIT_CONVERSION = YES;
				GCC_WARN_ABOUT_RETURN_TYPE = YES_ERROR;
				GCC_WARN_UNDECLARED_SELECTOR = YES;
				GCC_WARN_UNINITIALIZED_AUTOS = YES_AGGRESSIVE;
				GCC_WARN_UNUSED_FUNCTION = YES;
				GCC_WARN_UNUSED_VARIABLE = YES;
				IPHONEOS_DEPLOYMENT_TARGET = 9.3;
				MTL_ENABLE_DEBUG_INFO = YES;
				ONLY_ACTIVE_ARCH = YES;
				SDKROOT = iphoneos;
				SWIFT_OPTIMIZATION_LEVEL = "-Onone";
			};
			name = Debug;
		};
		3CB4AFE61D09001900E80932 /* Release */ = {
			isa = XCBuildConfiguration;
			buildSettings = {
				ALWAYS_SEARCH_USER_PATHS = NO;
				CLANG_ANALYZER_NONNULL = YES;
				CLANG_CXX_LANGUAGE_STANDARD = "gnu++0x";
				CLANG_CXX_LIBRARY = "libc++";
				CLANG_ENABLE_MODULES = YES;
				CLANG_ENABLE_OBJC_ARC = YES;
				CLANG_WARN_BOOL_CONVERSION = YES;
				CLANG_WARN_CONSTANT_CONVERSION = YES;
				CLANG_WARN_DIRECT_OBJC_ISA_USAGE = YES_ERROR;
				CLANG_WARN_EMPTY_BODY = YES;
				CLANG_WARN_ENUM_CONVERSION = YES;
				CLANG_WARN_INT_CONVERSION = YES;
				CLANG_WARN_OBJC_ROOT_CLASS = YES_ERROR;
				CLANG_WARN_UNREACHABLE_CODE = YES;
				CLANG_WARN__DUPLICATE_METHOD_MATCH = YES;
				"CODE_SIGN_IDENTITY[sdk=iphoneos*]" = "iPhone Developer";
				COPY_PHASE_STRIP = NO;
				DEBUG_INFORMATION_FORMAT = "dwarf-with-dsym";
				ENABLE_NS_ASSERTIONS = NO;
				ENABLE_STRICT_OBJC_MSGSEND = YES;
				GCC_C_LANGUAGE_STANDARD = gnu99;
				GCC_NO_COMMON_BLOCKS = YES;
				GCC_WARN_64_TO_32_BIT_CONVERSION = YES;
				GCC_WARN_ABOUT_RETURN_TYPE = YES_ERROR;
				GCC_WARN_UNDECLARED_SELECTOR = YES;
				GCC_WARN_UNINITIALIZED_AUTOS = YES_AGGRESSIVE;
				GCC_WARN_UNUSED_FUNCTION = YES;
				GCC_WARN_UNUSED_VARIABLE = YES;
				IPHONEOS_DEPLOYMENT_TARGET = 9.3;
				MTL_ENABLE_DEBUG_INFO = NO;
				SDKROOT = iphoneos;
				VALIDATE_PRODUCT = YES;
			};
			name = Release;
		};
		3CB4AFE81D09001900E80932 /* Debug */ = {
			isa = XCBuildConfiguration;
			buildSettings = {
				ASSETCATALOG_COMPILER_APPICON_NAME = AppIcon;
				CODE_SIGN_IDENTITY = "iPhone Developer";
				"CODE_SIGN_IDENTITY[sdk=iphoneos*]" = "iPhone Developer";
				INFOPLIST_FILE = "Blue Red/Info.plist";
				LD_RUNPATH_SEARCH_PATHS = "$(inherited) @executable_path/Frameworks";
				PRODUCT_BUNDLE_IDENTIFIER = "abc.Blue-Red";
				PRODUCT_NAME = "$(TARGET_NAME)";
				PROVISIONING_PROFILE = "";
			};
			name = Debug;
		};
		3CB4AFE91D09001900E80932 /* Release */ = {
			isa = XCBuildConfiguration;
			buildSettings = {
				ASSETCATALOG_COMPILER_APPICON_NAME = AppIcon;
				CODE_SIGN_IDENTITY = "iPhone Developer";
				"CODE_SIGN_IDENTITY[sdk=iphoneos*]" = "iPhone Developer";
				INFOPLIST_FILE = "Blue Red/Info.plist";
				LD_RUNPATH_SEARCH_PATHS = "$(inherited) @executable_path/Frameworks";
				PRODUCT_BUNDLE_IDENTIFIER = "abc.Blue-Red";
				PRODUCT_NAME = "$(TARGET_NAME)";
				PROVISIONING_PROFILE = "";
			};
			name = Release;
		};
/* End XCBuildConfiguration section */

/* Begin XCConfigurationList section */
		3CB4AFD01D09001900E80932 /* Build configuration list for PBXProject "Blue Red" */ = {
			isa = XCConfigurationList;
			buildConfigurations = (
				3CB4AFE51D09001900E80932 /* Debug */,
				3CB4AFE61D09001900E80932 /* Release */,
			);
			defaultConfigurationIsVisible = 0;
			defaultConfigurationName = Release;
		};
		3CB4AFE71D09001900E80932 /* Build configuration list for PBXNativeTarget "Blue Red" */ = {
			isa = XCConfigurationList;
			buildConfigurations = (
				3CB4AFE81D09001900E80932 /* Debug */,
				3CB4AFE91D09001900E80932 /* Release */,
			);
			defaultConfigurationIsVisible = 0;
		};
/* End XCConfigurationList section */
	};
	rootObject = 3CB4AFCD1D09001900E80932 /* Project object */;
}
